
Microsoft Visual Studio Solution File, Format Version 12.00
# Visual Studio Version 17
VisualStudioVersion = 17.9.34622.214
MinimumVisualStudioVersion = 10.0.40219.1
Project("{9A19103F-16F7-4668-BE54-9A1E7A4F7556}") = "Console", "Console\Console.csproj", "{891D29A2-3D9F-44DE-8544-D487442228A4}"
EndProject
Project("{9A19103F-16F7-4668-BE54-9A1E7A4F7556}") = "Classes", "Classes\Classes.csproj", "{0EC35D94-7BDC-48A6-B08D-177F74AA21A0}"
EndProject
Project("{9A19103F-16F7-4668-BE54-9A1E7A4F7556}") = "MainWindow", "MainWindow\MainWindow.csproj", "{091B61C2-01D8-4E9C-910A-217E81278AE2}"
EndProject
Project("{9A19103F-16F7-4668-BE54-9A1E7A4F7556}") = "ChoosingSudoku", "ChoosingSudoku\ChoosingSudoku.csproj", "{E7ED4B0B-CC6A-42DE-A5AD-C23A2207B297}"
EndProject
Project("{FAE04EC0-301F-11D3-BF4B-00C04F79EFBC}") = "Login", "Login\Login.csproj", "{9F3EE432-B58F-4017-9269-3125572061CC}"
EndProject
Global
	GlobalSection(SolutionConfigurationPlatforms) = preSolution
		Debug|Any CPU = Debug|Any CPU
		Release|Any CPU = Release|Any CPU
	EndGlobalSection
	GlobalSection(ProjectConfigurationPlatforms) = postSolution
		{891D29A2-3D9F-44DE-8544-D487442228A4}.Debug|Any CPU.ActiveCfg = Debug|Any CPU
		{891D29A2-3D9F-44DE-8544-D487442228A4}.Debug|Any CPU.Build.0 = Debug|Any CPU
		{891D29A2-3D9F-44DE-8544-D487442228A4}.Release|Any CPU.ActiveCfg = Release|Any CPU
		{891D29A2-3D9F-44DE-8544-D487442228A4}.Release|Any CPU.Build.0 = Release|Any CPU
		{0EC35D94-7BDC-48A6-B08D-177F74AA21A0}.Debug|Any CPU.ActiveCfg = Debug|Any CPU
		{0EC35D94-7BDC-48A6-B08D-177F74AA21A0}.Debug|Any CPU.Build.0 = Debug|Any CPU
		{0EC35D94-7BDC-48A6-B08D-177F74AA21A0}.Release|Any CPU.ActiveCfg = Release|Any CPU
		{0EC35D94-7BDC-48A6-B08D-177F74AA21A0}.Release|Any CPU.Build.0 = Release|Any CPU
		{091B61C2-01D8-4E9C-910A-217E81278AE2}.Debug|Any CPU.ActiveCfg = Debug|Any CPU
		{091B61C2-01D8-4E9C-910A-217E81278AE2}.Debug|Any CPU.Build.0 = Debug|Any CPU
		{091B61C2-01D8-4E9C-910A-217E81278AE2}.Release|Any CPU.ActiveCfg = Release|Any CPU
		{091B61C2-01D8-4E9C-910A-217E81278AE2}.Release|Any CPU.Build.0 = Release|Any CPU
		{E7ED4B0B-CC6A-42DE-A5AD-C23A2207B297}.Debug|Any CPU.ActiveCfg = Debug|Any CPU
		{E7ED4B0B-CC6A-42DE-A5AD-C23A2207B297}.Debug|Any CPU.Build.0 = Debug|Any CPU
		{E7ED4B0B-CC6A-42DE-A5AD-C23A2207B297}.Release|Any CPU.ActiveCfg = Release|Any CPU
		{E7ED4B0B-CC6A-42DE-A5AD-C23A2207B297}.Release|Any CPU.Build.0 = Release|Any CPU
		{9F3EE432-B58F-4017-9269-3125572061CC}.Debug|Any CPU.ActiveCfg = Debug|Any CPU
		{9F3EE432-B58F-4017-9269-3125572061CC}.Debug|Any CPU.Build.0 = Debug|Any CPU
		{9F3EE432-B58F-4017-9269-3125572061CC}.Release|Any CPU.ActiveCfg = Release|Any CPU
		{9F3EE432-B58F-4017-9269-3125572061CC}.Release|Any CPU.Build.0 = Release|Any CPU
	EndGlobalSection
	GlobalSection(SolutionProperties) = preSolution
		HideSolutionNode = FALSE
	EndGlobalSection
	GlobalSection(ExtensibilityGlobals) = postSolution
		SolutionGuid = {EE9A9022-C308-4389-8D3D-7FE650039507}
	EndGlobalSection
EndGlobal
